
Microsoft Visual Studio Solution File, Format Version 12.00
# Visual Studio 15
VisualStudioVersion = 15.0.28307.329
MinimumVisualStudioVersion = 10.0.40219.1
Project("{FAE04EC0-301F-11D3-BF4B-00C04F79EFBC}") = "PC_OO_Talk", "PC_OO_Talk\PC_OO_Talk.csproj", "{5FAB1E8F-524A-4762-A7AC-6377E1C6B9BB}"
EndProject
Project("{FAE04EC0-301F-11D3-BF4B-00C04F79EFBC}") = "NastyProgram", "BetterProgram\NastyProgram.csproj", "{09AB83CF-8E8C-4AAD-9198-67F0FD431960}"
EndProject
Global
	GlobalSection(SolutionConfigurationPlatforms) = preSolution
		Debug|Any CPU = Debug|Any CPU
		Release|Any CPU = Release|Any CPU
	EndGlobalSection
	GlobalSection(ProjectConfigurationPlatforms) = postSolution
		{5FAB1E8F-524A-4762-A7AC-6377E1C6B9BB}.Debug|Any CPU.ActiveCfg = Debug|Any CPU
		{5FAB1E8F-524A-4762-A7AC-6377E1C6B9BB}.Debug|Any CPU.Build.0 = Debug|Any CPU
		{5FAB1E8F-524A-4762-A7AC-6377E1C6B9BB}.Release|Any CPU.ActiveCfg = Release|Any CPU
		{5FAB1E8F-524A-4762-A7AC-6377E1C6B9BB}.Release|Any CPU.Build.0 = Release|Any CPU
		{09AB83CF-8E8C-4AAD-9198-67F0FD431960}.Debug|Any CPU.ActiveCfg = Debug|Any CPU
		{09AB83CF-8E8C-4AAD-9198-67F0FD431960}.Debug|Any CPU.Build.0 = Debug|Any CPU
		{09AB83CF-8E8C-4AAD-9198-67F0FD431960}.Release|Any CPU.ActiveCfg = Release|Any CPU
		{09AB83CF-8E8C-4AAD-9198-67F0FD431960}.Release|Any CPU.Build.0 = Release|Any CPU
	EndGlobalSection
	GlobalSection(SolutionProperties) = preSolution
		HideSolutionNode = FALSE
	EndGlobalSection
	GlobalSection(ExtensibilityGlobals) = postSolution
		SolutionGuid = {3A0C58B8-870F-487F-BB90-A70281D05B45}
	EndGlobalSection
EndGlobal
